
Microsoft Visual Studio Solution File, Format Version 12.00
# Visual Studio Version 16
VisualStudioVersion = 16.0.29519.181
MinimumVisualStudioVersion = 10.0.40219.1
Project("{FAE04EC0-301F-11D3-BF4B-00C04F79EFBC}") = "Blog", "Blog\Blog.csproj", "{59301C59-E424-4607-B62A-3835DBA9E9C1}"
EndProject
Global
	GlobalSection(SolutionConfigurationPlatforms) = preSolution
		Debug|Any CPU = Debug|Any CPU
		Release|Any CPU = Release|Any CPU
	EndGlobalSection
	GlobalSection(ProjectConfigurationPlatforms) = postSolution
		{59301C59-E424-4607-B62A-3835DBA9E9C1}.Debug|Any CPU.ActiveCfg = Debug|Any CPU
		{59301C59-E424-4607-B62A-3835DBA9E9C1}.Debug|Any CPU.Build.0 = Debug|Any CPU
		{59301C59-E424-4607-B62A-3835DBA9E9C1}.Release|Any CPU.ActiveCfg = Release|Any CPU
		{59301C59-E424-4607-B62A-3835DBA9E9C1}.Release|Any CPU.Build.0 = Release|Any CPU
	EndGlobalSection
	GlobalSection(SolutionProperties) = preSolution
		HideSolutionNode = FALSE
	EndGlobalSection
	GlobalSection(ExtensibilityGlobals) = postSolution
		SolutionGuid = {FBFB765E-3E33-43E9-B531-56AD396F7258}
	EndGlobalSection
EndGlobal
